
Microsoft Visual Studio Solution File, Format Version 12.00
# Visual Studio 15
VisualStudioVersion = 15.0.28307.1525
MinimumVisualStudioVersion = 10.0.40219.1
Project("{FAE04EC0-301F-11D3-BF4B-00C04F79EFBC}") = "Nhom15_WebVanPhongPham", "Nhom15_WebVanPhongPham\Nhom15_WebVanPhongPham.csproj", "{46F70A0D-9746-43AA-9C57-5D299F9ADAC5}"
EndProject
Global
	GlobalSection(SolutionConfigurationPlatforms) = preSolution
		Debug|Any CPU = Debug|Any CPU
		Release|Any CPU = Release|Any CPU
	EndGlobalSection
	GlobalSection(ProjectConfigurationPlatforms) = postSolution
		{46F70A0D-9746-43AA-9C57-5D299F9ADAC5}.Debug|Any CPU.ActiveCfg = Debug|Any CPU
		{46F70A0D-9746-43AA-9C57-5D299F9ADAC5}.Debug|Any CPU.Build.0 = Debug|Any CPU
		{46F70A0D-9746-43AA-9C57-5D299F9ADAC5}.Release|Any CPU.ActiveCfg = Release|Any CPU
		{46F70A0D-9746-43AA-9C57-5D299F9ADAC5}.Release|Any CPU.Build.0 = Release|Any CPU
	EndGlobalSection
	GlobalSection(SolutionProperties) = preSolution
		HideSolutionNode = FALSE
	EndGlobalSection
	GlobalSection(ExtensibilityGlobals) = postSolution
		SolutionGuid = {3167D821-ACAD-44E1-8196-FDE4B67F552D}
	EndGlobalSection
EndGlobal
